// !$*UTF8*$!
{
	archiveVersion = 1;
	classes = {
	};
	objectVersion = 46;
	objects = {

/* Begin PBXBuildFile section */
		3A2318FA1DA6A4310082071D /* AppDelegate.swift in Sources */ = {isa = PBXBuildFile; fileRef = 3A2318F91DA6A4310082071D /* AppDelegate.swift */; };
		3A2318FC1DA6A4310082071D /* ViewController.swift in Sources */ = {isa = PBXBuildFile; fileRef = 3A2318FB1DA6A4310082071D /* ViewController.swift */; };
		3A2318FF1DA6A4310082071D /* Main.storyboard in Resources */ = {isa = PBXBuildFile; fileRef = 3A2318FD1DA6A4310082071D /* Main.storyboard */; };
		3A2319011DA6A4310082071D /* Assets.xcassets in Resources */ = {isa = PBXBuildFile; fileRef = 3A2319001DA6A4310082071D /* Assets.xcassets */; };
		3A2319041DA6A4310082071D /* LaunchScreen.storyboard in Resources */ = {isa = PBXBuildFile; fileRef = 3A2319021DA6A4310082071D /* LaunchScreen.storyboard */; };
/* End PBXBuildFile section */

/* Begin PBXFileReference section */
		3A2318F61DA6A4310082071D /* ColorFull.app */ = {isa = PBXFileReference; explicitFileType = wrapper.application; includeInIndex = 0; path = ColorFull.app; sourceTree = BUILT_PRODUCTS_DIR; };
		3A2318F91DA6A4310082071D /* AppDelegate.swift */ = {isa = PBXFileReference; lastKnownFileType = sourcecode.swift; path = AppDelegate.swift; sourceTree = "<group>"; };
		3A2318FB1DA6A4310082071D /* ViewController.swift */ = {isa = PBXFileReference; lastKnownFileType = sourcecode.swift; path = ViewController.swift; sourceTree = "<group>"; };
		3A2318FE1DA6A4310082071D /* Base */ = {isa = PBXFileReference; lastKnownFileType = file.storyboard; name = Base; path = Base.lproj/Main.storyboard; sourceTree = "<group>"; };
		3A2319001DA6A4310082071D /* Assets.xcassets */ = {isa = PBXFileReference; lastKnownFileType = folder.assetcatalog; path = Assets.xcassets; sourceTree = "<group>"; };
		3A2319031DA6A4310082071D /* Base */ = {isa = PBXFileReference; lastKnownFileType = file.storyboard; name = Base; path = Base.lproj/LaunchScreen.storyboard; sourceTree = "<group>"; };
		3A2319051DA6A4310082071D /* Info.plist */ = {isa = PBXFileReference; lastKnownFileType = text.plist.xml; path = Info.plist; sourceTree = "<group>"; };
/* End PBXFileReference section */

/* Begin PBXFrameworksBuildPhase section */
		3A2318F31DA6A4310082071D /* Frameworks */ = {
			isa = PBXFrameworksBuildPhase;
			buildActionMask = 2147483647;
			files = (
			);
			runOnlyForDeploymentPostprocessing = 0;
		};
/* End PBXFrameworksBuildPhase section */

/* Begin PBXGroup section */
		3A2318ED1DA6A4310082071D = {
			isa = PBXGroup;
			children = (
				3A2318F81DA6A4310082071D /* ColorFull */,
				3A2318F71DA6A4310082071D /* Products */,
			);
			sourceTree = "<group>";
		};
		3A2318F71DA6A4310082071D /* Products */ = {
			isa = PBXGroup;
			children = (
				3A2318F61DA6A4310082071D /* ColorFull.app */,
			);
			name = Products;
			sourceTree = "<group>";
		};
		3A2318F81DA6A4310082071D /* ColorFull */ = {
			isa = PBXGroup;
			children = (
				3A2318F91DA6A4310082071D /* AppDelegate.swift */,
				3A2318FB1DA6A4310082071D /* ViewController.swift */,
				3A2318FD1DA6A4310082071D /* Main.storyboard */,
				3A2319001DA6A4310082071D /* Assets.xcassets */,
				3A2319021DA6A4310082071D /* LaunchScreen.storyboard */,
				3A2319051DA6A4310082071D /* Info.plist */,
			);
			path = ColorFull;
			sourceTree = "<group>";
		};
/* End PBXGroup section */

/* Begin PBXNativeTarget section */
		3A2318F51DA6A4310082071D /* ColorFull */ = {
			isa = PBXNativeTarget;
			buildConfigurationList = 3A2319081DA6A4310082071D /* Build configuration list for PBXNativeTarget "ColorFull" */;
			buildPhases = (
				3A2318F21DA6A4310082071D /* Sources */,
				3A2318F31DA6A4310082071D /* Frameworks */,
				3A2318F41DA6A4310082071D /* Resources */,
			);
			buildRules = (
			);
			dependencies = (
			);
			name = ColorFull;
			productName = ColorFull;
			productReference = 3A2318F61DA6A4310082071D /* ColorFull.app */;
			productType = "com.apple.product-type.application";
		};
/* End PBXNativeTarget section */

/* Begin PBXProject section */
		3A2318EE1DA6A4310082071D /* Project object */ = {
			isa = PBXProject;
			attributes = {
				LastSwiftUpdateCheck = 0800;
				LastUpgradeCheck = 0800;
				ORGANIZATIONNAME = "Faisal AlMaarik";
				TargetAttributes = {
					3A2318F51DA6A4310082071D = {
						CreatedOnToolsVersion = 8.0;
						DevelopmentTeam = EVFUVDRURX;
						ProvisioningStyle = Automatic;
					};
				};
			};
			buildConfigurationList = 3A2318F11DA6A4310082071D /* Build configuration list for PBXProject "ColorFull" */;
			compatibilityVersion = "Xcode 3.2";
			developmentRegion = English;
			hasScannedForEncodings = 0;
			knownRegions = (
				en,
				Base,
			);
			mainGroup = 3A2318ED1DA6A4310082071D;
			productRefGroup = 3A2318F71DA6A4310082071D /* Products */;
			projectDirPath = "";
			projectRoot = "";
			targets = (
				3A2318F51DA6A4310082071D /* ColorFull */,
			);
		};
/* End PBXProject section */

/* Begin PBXResourcesBuildPhase section */
		3A2318F41DA6A4310082071D /* Resources */ = {
			isa = PBXResourcesBuildPhase;
			buildActionMask = 2147483647;
			files = (
				3A2319041DA6A4310082071D /* LaunchScreen.storyboard in Resources */,
				3A2319011DA6A4310082071D /* Assets.xcassets in Resources */,
				3A2318FF1DA6A4310082071D /* Main.storyboard in Resources */,
			);
			runOnlyForDeploymentPostprocessing = 0;
		};
/* End PBXResourcesBuildPhase section */

/* Begin PBXSourcesBuildPhase section */
		3A2318F21DA6A4310082071D /* Sources */ = {
			isa = PBXSourcesBuildPhase;
			buildActionMask = 2147483647;
			files = (
				3A2318FC1DA6A4310082071D /* ViewController.swift in Sources */,
				3A2318FA1DA6A4310082071D /* AppDelegate.swift in Sources */,
			);
			runOnlyForDeploymentPostprocessing = 0;
		};
/* End PBXSourcesBuildPhase section */

/* Begin PBXVariantGroup section */
		3A2318FD1DA6A4310082071D /* Main.storyboard */ = {
			isa = PBXVariantGroup;
			children = (
				3A2318FE1DA6A4310082071D /* Base */,
			);
			name = Main.storyboard;
			sourceTree = "<group>";
		};
		3A2319021DA6A4310082071D /* LaunchScreen.storyboard */ = {
			isa = PBXVariantGroup;
			children = (
				3A2319031DA6A4310082071D /* Base */,
			);
			name = LaunchScreen.storyboard;
			sourceTree = "<group>";
		};
/* End PBXVariantGroup section */

/* Begin XCBuildConfiguration section */
		3A2319061DA6A4310082071D /* Debug */ = {
			isa = XCBuildConfiguration;
			buildSettings = {
				ALWAYS_SEARCH_USER_PATHS = NO;
				CLANG_ANALYZER_NONNULL = YES;
				CLANG_CXX_LANGUAGE_STANDARD = "gnu++0x";
				CLANG_CXX_LIBRARY = "libc++";
				CLANG_ENABLE_MODULES = YES;
				CLANG_ENABLE_OBJC_ARC = YES;
				CLANG_WARN_BOOL_CONVERSION = YES;
				CLANG_WARN_CONSTANT_CONVERSION = YES;
				CLANG_WARN_DIRECT_OBJC_ISA_USAGE = YES_ERROR;
				CLANG_WARN_DOCUMENTATION_COMMENTS = YES;
				CLANG_WARN_EMPTY_BODY = YES;
				CLANG_WARN_ENUM_CONVERSION = YES;
				CLANG_WARN_INFINITE_RECURSION = YES;
				CLANG_WARN_INT_CONVERSION = YES;
				CLANG_WARN_OBJC_ROOT_CLASS = YES_ERROR;
				CLANG_WARN_SUSPICIOUS_MOVES = YES;
				CLANG_WARN_UNREACHABLE_CODE = YES;
				CLANG_WARN__DUPLICATE_METHOD_MATCH = YES;
				"CODE_SIGN_IDENTITY[sdk=iphoneos*]" = "iPhone Developer";
				COPY_PHASE_STRIP = NO;
				DEBUG_INFORMATION_FORMAT = dwarf;
				ENABLE_STRICT_OBJC_MSGSEND = YES;
				ENABLE_TESTABILITY = YES;
				GCC_C_LANGUAGE_STANDARD = gnu99;
				GCC_DYNAMIC_NO_PIC = NO;
				GCC_NO_COMMON_BLOCKS = YES;
				GCC_OPTIMIZATION_LEVEL = 0;
				GCC_PREPROCESSOR_DEFINITIONS = (
					"DEBUG=1",
					"$(inherited)",
				);
				GCC_WARN_64_TO_32_BIT_CONVERSION = YES;
				GCC_WARN_ABOUT_RETURN_TYPE = YES_ERROR;
				GCC_WARN_UNDECLARED_SELECTOR = YES;
				GCC_WARN_UNINITIALIZED_AUTOS = YES_AGGRESSIVE;
				GCC_WARN_UNUSED_FUNCTION = YES;
				GCC_WARN_UNUSED_VARIABLE = YES;
				IPHONEOS_DEPLOYMENT_TARGET = 10.0;
				MTL_ENABLE_DEBUG_INFO = YES;
				ONLY_ACTIVE_ARCH = YES;
				SDKROOT = iphoneos;
				SWIFT_ACTIVE_COMPILATION_CONDITIONS = DEBUG;
				SWIFT_OPTIMIZATION_LEVEL = "-Onone";
			};
			name = Debug;
		};
		3A2319071DA6A4310082071D /* Release */ = {
			isa = XCBuildConfiguration;
			buildSettings = {
				ALWAYS_SEARCH_USER_PATHS = NO;
				CLANG_ANALYZER_NONNULL = YES;
				CLANG_CXX_LANGUAGE_STANDARD = "gnu++0x";
				CLANG_CXX_LIBRARY = "libc++";
				CLANG_ENABLE_MODULES = YES;
				CLANG_ENABLE_OBJC_ARC = YES;
				CLANG_WARN_BOOL_CONVERSION = YES;
				CLANG_WARN_CONSTANT_CONVERSION = YES;
				CLANG_WARN_DIRECT_OBJC_ISA_USAGE = YES_ERROR;
				CLANG_WARN_DOCUMENTATION_COMMENTS = YES;
				CLANG_WARN_EMPTY_BODY = YES;
				CLANG_WARN_ENUM_CONVERSION = YES;
				CLANG_WARN_INFINITE_RECURSION = YES;
				CLANG_WARN_INT_CONVERSION = YES;
				CLANG_WARN_OBJC_ROOT_CLASS = YES_ERROR;
				CLANG_WARN_SUSPICIOUS_MOVES = YES;
				CLANG_WARN_UNREACHABLE_CODE = YES;
				CLANG_WARN__DUPLICATE_METHOD_MATCH = YES;
				"CODE_SIGN_IDENTITY[sdk=iphoneos*]" = "iPhone Developer";
				COPY_PHASE_STRIP = NO;
				DEBUG_INFORMATION_FORMAT = "dwarf-with-dsym";
				ENABLE_NS_ASSERTIONS = NO;
				ENABLE_STRICT_OBJC_MSGSEND = YES;
				GCC_C_LANGUAGE_STANDARD = gnu99;
				GCC_NO_COMMON_BLOCKS = YES;
				GCC_WARN_64_TO_32_BIT_CONVERSION = YES;
				GCC_WARN_ABOUT_RETURN_TYPE = YES_ERROR;
				GCC_WARN_UNDECLARED_SELECTOR = YES;
				GCC_WARN_UNINITIALIZED_AUTOS = YES_AGGRESSIVE;
				GCC_WARN_UNUSED_FUNCTION = YES;
				GCC_WARN_UNUSED_VARIABLE = YES;
				IPHONEOS_DEPLOYMENT_TARGET = 10.0;
				MTL_ENABLE_DEBUG_INFO = NO;
				SDKROOT = iphoneos;
				SWIFT_OPTIMIZATION_LEVEL = "-Owholemodule";
				VALIDATE_PRODUCT = YES;
			};
			name = Release;
		};
		3A2319091DA6A4310082071D /* Debug */ = {
			isa = XCBuildConfiguration;
			buildSettings = {
				ASSETCATALOG_COMPILER_APPICON_NAME = AppIcon;
				DEVELOPMENT_TEAM = EVFUVDRURX;
				INFOPLIST_FILE = ColorFull/Info.plist;
				LD_RUNPATH_SEARCH_PATHS = "$(inherited) @executable_path/Frameworks";
				PRODUCT_BUNDLE_IDENTIFIER = io.faisal.ColorFull;
				PRODUCT_NAME = "$(TARGET_NAME)";
				SWIFT_VERSION = 3.0;
			};
			name = Debug;
		};
		3A23190A1DA6A4310082071D /* Release */ = {
			isa = XCBuildConfiguration;
			buildSettings = {
				ASSETCATALOG_COMPILER_APPICON_NAME = AppIcon;
				DEVELOPMENT_TEAM = EVFUVDRURX;
				INFOPLIST_FILE = ColorFull/Info.plist;
				LD_RUNPATH_SEARCH_PATHS = "$(inherited) @executable_path/Frameworks";
				PRODUCT_BUNDLE_IDENTIFIER = io.faisal.ColorFull;
				PRODUCT_NAME = "$(TARGET_NAME)";
				SWIFT_VERSION = 3.0;
			};
			name = Release;
		};
/* End XCBuildConfiguration section */

/* Begin XCConfigurationList section */
		3A2318F11DA6A4310082071D /* Build configuration list for PBXProject "ColorFull" */ = {
			isa = XCConfigurationList;
			buildConfigurations = (
				3A2319061DA6A4310082071D /* Debug */,
				3A2319071DA6A4310082071D /* Release */,
			);
			defaultConfigurationIsVisible = 0;
			defaultConfigurationName = Release;
		};
		3A2319081DA6A4310082071D /* Build configuration list for PBXNativeTarget "ColorFull" */ = {
			isa = XCConfigurationList;
			buildConfigurations = (
				3A2319091DA6A4310082071D /* Debug */,
				3A23190A1DA6A4310082071D /* Release */,
			);
			defaultConfigurationIsVisible = 0;
		};
/* End XCConfigurationList section */
	};
	rootObject = 3A2318EE1DA6A4310082071D /* Project object */;
}
